
Microsoft Visual Studio Solution File, Format Version 12.00
# Visual Studio Version 16
VisualStudioVersion = 16.0.29926.136
MinimumVisualStudioVersion = 10.0.40219.1
Project("{8BC9CEB8-8B4A-11D0-8D11-00A0C91BC942}") = "alfajores", "alfajores.vcxproj", "{718636A0-C81F-4962-A074-F20872711FDB}"
EndProject
Global
	GlobalSection(SolutionConfigurationPlatforms) = preSolution
		Debug|x64 = Debug|x64
		Debug|x86 = Debug|x86
		Release|x64 = Release|x64
		Release|x86 = Release|x86
	EndGlobalSection
	GlobalSection(ProjectConfigurationPlatforms) = postSolution
		{718636A0-C81F-4962-A074-F20872711FDB}.Debug|x64.ActiveCfg = Debug|x64
		{718636A0-C81F-4962-A074-F20872711FDB}.Debug|x64.Build.0 = Debug|x64
		{718636A0-C81F-4962-A074-F20872711FDB}.Debug|x86.ActiveCfg = Debug|Win32
		{718636A0-C81F-4962-A074-F20872711FDB}.Debug|x86.Build.0 = Debug|Win32
		{718636A0-C81F-4962-A074-F20872711FDB}.Release|x64.ActiveCfg = Release|x64
		{718636A0-C81F-4962-A074-F20872711FDB}.Release|x64.Build.0 = Release|x64
		{718636A0-C81F-4962-A074-F20872711FDB}.Release|x86.ActiveCfg = Release|Win32
		{718636A0-C81F-4962-A074-F20872711FDB}.Release|x86.Build.0 = Release|Win32
	EndGlobalSection
	GlobalSection(SolutionProperties) = preSolution
		HideSolutionNode = FALSE
	EndGlobalSection
	GlobalSection(ExtensibilityGlobals) = postSolution
		SolutionGuid = {289A5F38-27B8-4D19-9021-3A6F37888E8A}
	EndGlobalSection
EndGlobal
