
Microsoft Visual Studio Solution File, Format Version 12.00
# Visual Studio Version 16
VisualStudioVersion = 16.0.30225.117
MinimumVisualStudioVersion = 10.0.40219.1
Project("{8BC9CEB8-8B4A-11D0-8D11-00A0C91BC942}") = "feriaados", "feriaados\feriaados.vcxproj", "{5298849A-8F48-44B9-B9EF-F86B31E31903}"
EndProject
Global
	GlobalSection(SolutionConfigurationPlatforms) = preSolution
		Debug|x64 = Debug|x64
		Debug|x86 = Debug|x86
		Release|x64 = Release|x64
		Release|x86 = Release|x86
	EndGlobalSection
	GlobalSection(ProjectConfigurationPlatforms) = postSolution
		{5298849A-8F48-44B9-B9EF-F86B31E31903}.Debug|x64.ActiveCfg = Debug|x64
		{5298849A-8F48-44B9-B9EF-F86B31E31903}.Debug|x64.Build.0 = Debug|x64
		{5298849A-8F48-44B9-B9EF-F86B31E31903}.Debug|x86.ActiveCfg = Debug|Win32
		{5298849A-8F48-44B9-B9EF-F86B31E31903}.Debug|x86.Build.0 = Debug|Win32
		{5298849A-8F48-44B9-B9EF-F86B31E31903}.Release|x64.ActiveCfg = Release|x64
		{5298849A-8F48-44B9-B9EF-F86B31E31903}.Release|x64.Build.0 = Release|x64
		{5298849A-8F48-44B9-B9EF-F86B31E31903}.Release|x86.ActiveCfg = Release|Win32
		{5298849A-8F48-44B9-B9EF-F86B31E31903}.Release|x86.Build.0 = Release|Win32
	EndGlobalSection
	GlobalSection(SolutionProperties) = preSolution
		HideSolutionNode = FALSE
	EndGlobalSection
	GlobalSection(ExtensibilityGlobals) = postSolution
		SolutionGuid = {6BA56D25-0820-4C6F-83BB-B7EEEBBFD8FB}
	EndGlobalSection
EndGlobal
