
Microsoft Visual Studio Solution File, Format Version 12.00
# Visual Studio Version 16
VisualStudioVersion = 16.0.30225.117
MinimumVisualStudioVersion = 10.0.40219.1
Project("{8BC9CEB8-8B4A-11D0-8D11-00A0C91BC942}") = "mensaje secretos", "mensaje secretos\mensaje secretos.vcxproj", "{6ECAAB17-326F-40BF-954B-7205BAAD3F60}"
EndProject
Global
	GlobalSection(SolutionConfigurationPlatforms) = preSolution
		Debug|x64 = Debug|x64
		Debug|x86 = Debug|x86
		Release|x64 = Release|x64
		Release|x86 = Release|x86
	EndGlobalSection
	GlobalSection(ProjectConfigurationPlatforms) = postSolution
		{6ECAAB17-326F-40BF-954B-7205BAAD3F60}.Debug|x64.ActiveCfg = Debug|x64
		{6ECAAB17-326F-40BF-954B-7205BAAD3F60}.Debug|x64.Build.0 = Debug|x64
		{6ECAAB17-326F-40BF-954B-7205BAAD3F60}.Debug|x86.ActiveCfg = Debug|Win32
		{6ECAAB17-326F-40BF-954B-7205BAAD3F60}.Debug|x86.Build.0 = Debug|Win32
		{6ECAAB17-326F-40BF-954B-7205BAAD3F60}.Release|x64.ActiveCfg = Release|x64
		{6ECAAB17-326F-40BF-954B-7205BAAD3F60}.Release|x64.Build.0 = Release|x64
		{6ECAAB17-326F-40BF-954B-7205BAAD3F60}.Release|x86.ActiveCfg = Release|Win32
		{6ECAAB17-326F-40BF-954B-7205BAAD3F60}.Release|x86.Build.0 = Release|Win32
	EndGlobalSection
	GlobalSection(SolutionProperties) = preSolution
		HideSolutionNode = FALSE
	EndGlobalSection
	GlobalSection(ExtensibilityGlobals) = postSolution
		SolutionGuid = {7F4E8945-6B4B-44C1-8921-4B302B87AB97}
	EndGlobalSection
EndGlobal
