
Microsoft Visual Studio Solution File, Format Version 12.00
# Visual Studio Version 16
VisualStudioVersion = 16.0.30225.117
MinimumVisualStudioVersion = 10.0.40219.1
Project("{8BC9CEB8-8B4A-11D0-8D11-00A0C91BC942}") = "Project", "Project\Project.vcxproj", "{16E21ECE-4601-4C8B-8CAA-C5B278B18CCB}"
EndProject
Global
	GlobalSection(SolutionConfigurationPlatforms) = preSolution
		Debug|x64 = Debug|x64
		Debug|x86 = Debug|x86
		Release|x64 = Release|x64
		Release|x86 = Release|x86
	EndGlobalSection
	GlobalSection(ProjectConfigurationPlatforms) = postSolution
		{16E21ECE-4601-4C8B-8CAA-C5B278B18CCB}.Debug|x64.ActiveCfg = Debug|x64
		{16E21ECE-4601-4C8B-8CAA-C5B278B18CCB}.Debug|x64.Build.0 = Debug|x64
		{16E21ECE-4601-4C8B-8CAA-C5B278B18CCB}.Debug|x86.ActiveCfg = Debug|Win32
		{16E21ECE-4601-4C8B-8CAA-C5B278B18CCB}.Debug|x86.Build.0 = Debug|Win32
		{16E21ECE-4601-4C8B-8CAA-C5B278B18CCB}.Release|x64.ActiveCfg = Release|x64
		{16E21ECE-4601-4C8B-8CAA-C5B278B18CCB}.Release|x64.Build.0 = Release|x64
		{16E21ECE-4601-4C8B-8CAA-C5B278B18CCB}.Release|x86.ActiveCfg = Release|Win32
		{16E21ECE-4601-4C8B-8CAA-C5B278B18CCB}.Release|x86.Build.0 = Release|Win32
	EndGlobalSection
	GlobalSection(SolutionProperties) = preSolution
		HideSolutionNode = FALSE
	EndGlobalSection
	GlobalSection(ExtensibilityGlobals) = postSolution
		SolutionGuid = {BEF38C73-0E51-4126-9C47-67779374BED0}
	EndGlobalSection
EndGlobal
