
Microsoft Visual Studio Solution File, Format Version 12.00
# Visual Studio Version 16
VisualStudioVersion = 16.0.29926.136
MinimumVisualStudioVersion = 10.0.40219.1
Project("{8BC9CEB8-8B4A-11D0-8D11-00A0C91BC942}") = "virus", "virus.vcxproj", "{490B44C5-6028-4CAF-A9DD-E25215572DEF}"
EndProject
Global
	GlobalSection(SolutionConfigurationPlatforms) = preSolution
		Debug|x64 = Debug|x64
		Debug|x86 = Debug|x86
		Release|x64 = Release|x64
		Release|x86 = Release|x86
	EndGlobalSection
	GlobalSection(ProjectConfigurationPlatforms) = postSolution
		{490B44C5-6028-4CAF-A9DD-E25215572DEF}.Debug|x64.ActiveCfg = Debug|x64
		{490B44C5-6028-4CAF-A9DD-E25215572DEF}.Debug|x64.Build.0 = Debug|x64
		{490B44C5-6028-4CAF-A9DD-E25215572DEF}.Debug|x86.ActiveCfg = Debug|Win32
		{490B44C5-6028-4CAF-A9DD-E25215572DEF}.Debug|x86.Build.0 = Debug|Win32
		{490B44C5-6028-4CAF-A9DD-E25215572DEF}.Release|x64.ActiveCfg = Release|x64
		{490B44C5-6028-4CAF-A9DD-E25215572DEF}.Release|x64.Build.0 = Release|x64
		{490B44C5-6028-4CAF-A9DD-E25215572DEF}.Release|x86.ActiveCfg = Release|Win32
		{490B44C5-6028-4CAF-A9DD-E25215572DEF}.Release|x86.Build.0 = Release|Win32
	EndGlobalSection
	GlobalSection(SolutionProperties) = preSolution
		HideSolutionNode = FALSE
	EndGlobalSection
	GlobalSection(ExtensibilityGlobals) = postSolution
		SolutionGuid = {89A2A69B-2DC6-46B8-8CC4-EDCF246ADFDC}
	EndGlobalSection
EndGlobal
