
Microsoft Visual Studio Solution File, Format Version 12.00
# Visual Studio Version 16
VisualStudioVersion = 16.0.29926.136
MinimumVisualStudioVersion = 10.0.40219.1
Project("{8BC9CEB8-8B4A-11D0-8D11-00A0C91BC942}") = "Formas", "Formas.vcxproj", "{8D7B8017-2566-4A35-8D10-0B3932931678}"
EndProject
Global
	GlobalSection(SolutionConfigurationPlatforms) = preSolution
		Debug|x64 = Debug|x64
		Debug|x86 = Debug|x86
		Release|x64 = Release|x64
		Release|x86 = Release|x86
	EndGlobalSection
	GlobalSection(ProjectConfigurationPlatforms) = postSolution
		{8D7B8017-2566-4A35-8D10-0B3932931678}.Debug|x64.ActiveCfg = Debug|x64
		{8D7B8017-2566-4A35-8D10-0B3932931678}.Debug|x64.Build.0 = Debug|x64
		{8D7B8017-2566-4A35-8D10-0B3932931678}.Debug|x86.ActiveCfg = Debug|Win32
		{8D7B8017-2566-4A35-8D10-0B3932931678}.Debug|x86.Build.0 = Debug|Win32
		{8D7B8017-2566-4A35-8D10-0B3932931678}.Release|x64.ActiveCfg = Release|x64
		{8D7B8017-2566-4A35-8D10-0B3932931678}.Release|x64.Build.0 = Release|x64
		{8D7B8017-2566-4A35-8D10-0B3932931678}.Release|x86.ActiveCfg = Release|Win32
		{8D7B8017-2566-4A35-8D10-0B3932931678}.Release|x86.Build.0 = Release|Win32
	EndGlobalSection
	GlobalSection(SolutionProperties) = preSolution
		HideSolutionNode = FALSE
	EndGlobalSection
	GlobalSection(ExtensibilityGlobals) = postSolution
		SolutionGuid = {40FC437C-FA78-4742-BEA5-3140CAC94375}
	EndGlobalSection
EndGlobal
